// !$*UTF8*$!
{
	archiveVersion = 1;
	classes = {
	};
	objectVersion = 56;
	objects = {

/* Begin PBXBuildFile section */
		AA0000000000000000000101 /* FolderTrailApp.swift in Sources */ = {isa = PBXBuildFile; fileRef = AA0000000000000000000201 /* FolderTrailApp.swift */; };
		AA0000000000000000000102 /* AppDelegate.swift in Sources */ = {isa = PBXBuildFile; fileRef = AA0000000000000000000202 /* AppDelegate.swift */; };
		AA0000000000000000000103 /* FolderTrailAppController.swift in Sources */ = {isa = PBXBuildFile; fileRef = AA0000000000000000000203 /* FolderTrailAppController.swift */; };
		AA0000000000000000000104 /* FolderTrailServiceProvider.swift in Sources */ = {isa = PBXBuildFile; fileRef = AA0000000000000000000204 /* FolderTrailServiceProvider.swift */; };
		AA0000000000000000000105 /* PlaceholderPromptView.swift in Sources */ = {isa = PBXBuildFile; fileRef = AA0000000000000000000205 /* PlaceholderPromptView.swift */; };
		AA0000000000000000000110 /* OpenRouterPKCE.swift in Sources */ = {isa = PBXBuildFile; fileRef = AA0000000000000000000210 /* OpenRouterPKCE.swift */; };
		AA0000000000000000000111 /* OpenRouterProviderSettings.swift in Sources */ = {isa = PBXBuildFile; fileRef = AA0000000000000000000211 /* OpenRouterProviderSettings.swift */; };
		AA0000000000000000000112 /* OpenRouterKeychain.swift in Sources */ = {isa = PBXBuildFile; fileRef = AA0000000000000000000212 /* OpenRouterKeychain.swift */; };
		AA0000000000000000000113 /* ProviderConnectView.swift in Sources */ = {isa = PBXBuildFile; fileRef = AA0000000000000000000213 /* ProviderConnectView.swift */; };
		AA0000000000000000000114 /* OpenRouterSettingsView.swift in Sources */ = {isa = PBXBuildFile; fileRef = AA0000000000000000000214 /* OpenRouterSettingsView.swift */; };
		AA0000000000000000000115 /* PreflightCheck.swift in Sources */ = {isa = PBXBuildFile; fileRef = AA0000000000000000000215 /* PreflightCheck.swift */; };
		AA0000000000000000000116 /* PreflightView.swift in Sources */ = {isa = PBXBuildFile; fileRef = AA0000000000000000000216 /* PreflightView.swift */; };
		AA0000000000000000000117 /* WorkspaceCopyService.swift in Sources */ = {isa = PBXBuildFile; fileRef = AA0000000000000000000217 /* WorkspaceCopyService.swift */; };
		AA0000000000000000000118 /* ConsentModalView.swift in Sources */ = {isa = PBXBuildFile; fileRef = AA0000000000000000000218 /* ConsentModalView.swift */; };
		AA0000000000000000000119 /* ManifestBuilder.swift in Sources */ = {isa = PBXBuildFile; fileRef = AA0000000000000000000219 /* ManifestBuilder.swift */; };
		AA0000000000000000000120 /* ManifestConfirmationView.swift in Sources */ = {isa = PBXBuildFile; fileRef = AA0000000000000000000220 /* ManifestConfirmationView.swift */; };
		AA0000000000000000000121 /* OpenRouterPlannerAdapter.swift in Sources */ = {isa = PBXBuildFile; fileRef = AA0000000000000000000221 /* OpenRouterPlannerAdapter.swift */; };
		AA0000000000000000000122 /* PlannerModelSettingsView.swift in Sources */ = {isa = PBXBuildFile; fileRef = AA0000000000000000000222 /* PlannerModelSettingsView.swift */; };
/* End PBXBuildFile section */

/* Begin PBXFileReference section */
		AA0000000000000000000201 /* FolderTrailApp.swift */ = {isa = PBXFileReference; lastKnownFileType = sourcecode.swift; path = App/FolderTrailApp.swift; sourceTree = "<group>"; };
		AA0000000000000000000202 /* AppDelegate.swift */ = {isa = PBXFileReference; lastKnownFileType = sourcecode.swift; path = App/AppDelegate.swift; sourceTree = "<group>"; };
		AA0000000000000000000203 /* FolderTrailAppController.swift */ = {isa = PBXFileReference; lastKnownFileType = sourcecode.swift; path = App/FolderTrailAppController.swift; sourceTree = "<group>"; };
		AA0000000000000000000204 /* FolderTrailServiceProvider.swift */ = {isa = PBXFileReference; lastKnownFileType = sourcecode.swift; path = Entry/FolderTrailServiceProvider.swift; sourceTree = "<group>"; };
		AA0000000000000000000205 /* PlaceholderPromptView.swift */ = {isa = PBXFileReference; lastKnownFileType = sourcecode.swift; path = UX/PlaceholderPromptView.swift; sourceTree = "<group>"; };
		AA0000000000000000000206 /* Info.plist */ = {isa = PBXFileReference; lastKnownFileType = text.plist.xml; path = Info.plist; sourceTree = "<group>"; };
		AA0000000000000000000207 /* FolderTrail.entitlements */ = {isa = PBXFileReference; lastKnownFileType = text.plist.entitlements; path = FolderTrail.entitlements; sourceTree = "<group>"; };
		AA0000000000000000000208 /* FolderTrail.app */ = {isa = PBXFileReference; explicitFileType = wrapper.application; includeInIndex = 0; path = FolderTrail.app; sourceTree = BUILT_PRODUCTS_DIR; };
		AA0000000000000000000210 /* OpenRouterPKCE.swift */ = {isa = PBXFileReference; lastKnownFileType = sourcecode.swift; path = Intelligence/OpenRouterPKCE.swift; sourceTree = "<group>"; };
		AA0000000000000000000211 /* OpenRouterProviderSettings.swift */ = {isa = PBXFileReference; lastKnownFileType = sourcecode.swift; path = Intelligence/OpenRouterProviderSettings.swift; sourceTree = "<group>"; };
		AA0000000000000000000212 /* OpenRouterKeychain.swift */ = {isa = PBXFileReference; lastKnownFileType = sourcecode.swift; path = Safety/OpenRouterKeychain.swift; sourceTree = "<group>"; };
		AA0000000000000000000213 /* ProviderConnectView.swift */ = {isa = PBXFileReference; lastKnownFileType = sourcecode.swift; path = UX/ProviderConnectView.swift; sourceTree = "<group>"; };
		AA0000000000000000000214 /* OpenRouterSettingsView.swift */ = {isa = PBXFileReference; lastKnownFileType = sourcecode.swift; path = UX/OpenRouterSettingsView.swift; sourceTree = "<group>"; };
		AA0000000000000000000215 /* PreflightCheck.swift */ = {isa = PBXFileReference; lastKnownFileType = sourcecode.swift; path = Safety/PreflightCheck.swift; sourceTree = "<group>"; };
		AA0000000000000000000216 /* PreflightView.swift */ = {isa = PBXFileReference; lastKnownFileType = sourcecode.swift; path = UX/PreflightView.swift; sourceTree = "<group>"; };
		AA0000000000000000000217 /* WorkspaceCopyService.swift */ = {isa = PBXFileReference; lastKnownFileType = sourcecode.swift; path = Execution/WorkspaceCopyService.swift; sourceTree = "<group>"; };
		AA0000000000000000000218 /* ConsentModalView.swift */ = {isa = PBXFileReference; lastKnownFileType = sourcecode.swift; path = UX/ConsentModalView.swift; sourceTree = "<group>"; };
		AA0000000000000000000219 /* ManifestBuilder.swift */ = {isa = PBXFileReference; lastKnownFileType = sourcecode.swift; path = Intelligence/ManifestBuilder.swift; sourceTree = "<group>"; };
		AA0000000000000000000220 /* ManifestConfirmationView.swift */ = {isa = PBXFileReference; lastKnownFileType = sourcecode.swift; path = UX/ManifestConfirmationView.swift; sourceTree = "<group>"; };
		AA0000000000000000000221 /* OpenRouterPlannerAdapter.swift */ = {isa = PBXFileReference; lastKnownFileType = sourcecode.swift; path = Intelligence/OpenRouterPlannerAdapter.swift; sourceTree = "<group>"; };
		AA0000000000000000000222 /* PlannerModelSettingsView.swift */ = {isa = PBXFileReference; lastKnownFileType = sourcecode.swift; path = UX/PlannerModelSettingsView.swift; sourceTree = "<group>"; };
/* End PBXFileReference section */

/* Begin PBXFrameworksBuildPhase section */
		AA0000000000000000000301 /* Frameworks */ = {
			isa = PBXFrameworksBuildPhase;
			buildActionMask = 2147483647;
			files = (
			);
			runOnlyForDeploymentPostprocessing = 0;
		};
/* End PBXFrameworksBuildPhase section */

/* Begin PBXGroup section */
		AA0000000000000000000401 = {
			isa = PBXGroup;
			children = (
				AA0000000000000000000402 /* FolderTrail */,
				AA0000000000000000000403 /* Products */,
			);
			sourceTree = "<group>";
		};
		AA0000000000000000000402 /* FolderTrail */ = {
			isa = PBXGroup;
			children = (
				AA0000000000000000000201 /* FolderTrailApp.swift */,
				AA0000000000000000000202 /* AppDelegate.swift */,
				AA0000000000000000000203 /* FolderTrailAppController.swift */,
				AA0000000000000000000204 /* FolderTrailServiceProvider.swift */,
				AA0000000000000000000205 /* PlaceholderPromptView.swift */,
				AA0000000000000000000210 /* OpenRouterPKCE.swift */,
				AA0000000000000000000211 /* OpenRouterProviderSettings.swift */,
				AA0000000000000000000212 /* OpenRouterKeychain.swift */,
				AA0000000000000000000213 /* ProviderConnectView.swift */,
				AA0000000000000000000214 /* OpenRouterSettingsView.swift */,
				AA0000000000000000000215 /* PreflightCheck.swift */,
				AA0000000000000000000216 /* PreflightView.swift */,
				AA0000000000000000000217 /* WorkspaceCopyService.swift */,
				AA0000000000000000000218 /* ConsentModalView.swift */,
				AA0000000000000000000219 /* ManifestBuilder.swift */,
				AA0000000000000000000220 /* ManifestConfirmationView.swift */,
				AA0000000000000000000221 /* OpenRouterPlannerAdapter.swift */,
				AA0000000000000000000222 /* PlannerModelSettingsView.swift */,
				AA0000000000000000000206 /* Info.plist */,
				AA0000000000000000000207 /* FolderTrail.entitlements */,
			);
			path = FolderTrail;
			sourceTree = "<group>";
		};
		AA0000000000000000000403 /* Products */ = {
			isa = PBXGroup;
			children = (
				AA0000000000000000000208 /* FolderTrail.app */,
			);
			name = Products;
			sourceTree = "<group>";
		};
/* End PBXGroup section */

/* Begin PBXNativeTarget section */
		AA0000000000000000000501 /* FolderTrail */ = {
			isa = PBXNativeTarget;
			buildConfigurationList = AA0000000000000000000802 /* Build configuration list for PBXNativeTarget "FolderTrail" */;
			buildPhases = (
				AA0000000000000000000601 /* Sources */,
				AA0000000000000000000301 /* Frameworks */,
			);
			buildRules = (
			);
			dependencies = (
			);
			name = FolderTrail;
			productName = FolderTrail;
			productReference = AA0000000000000000000208 /* FolderTrail.app */;
			productType = "com.apple.product-type.application";
		};
/* End PBXNativeTarget section */

/* Begin PBXProject section */
		AA0000000000000000000701 /* Project object */ = {
			isa = PBXProject;
			attributes = {
				BuildIndependentTargetsInParallel = 1;
				LastSwiftUpdateCheck = 2600;
				LastUpgradeCheck = 2600;
				TargetAttributes = {
					AA0000000000000000000501 = {
						CreatedOnToolsVersion = 26.0;
					};
				};
			};
			buildConfigurationList = AA0000000000000000000801 /* Build configuration list for PBXProject "FolderTrail" */;
			compatibilityVersion = "Xcode 14.0";
			developmentRegion = en;
			hasScannedForEncodings = 0;
			knownRegions = (
				en,
				Base,
			);
			mainGroup = AA0000000000000000000401;
			productRefGroup = AA0000000000000000000403 /* Products */;
			projectDirPath = "";
			projectRoot = "";
			targets = (
				AA0000000000000000000501 /* FolderTrail */,
			);
		};
/* End PBXProject section */

/* Begin PBXSourcesBuildPhase section */
		AA0000000000000000000601 /* Sources */ = {
			isa = PBXSourcesBuildPhase;
			buildActionMask = 2147483647;
			files = (
				AA0000000000000000000101 /* FolderTrailApp.swift in Sources */,
				AA0000000000000000000102 /* AppDelegate.swift in Sources */,
				AA0000000000000000000103 /* FolderTrailAppController.swift in Sources */,
				AA0000000000000000000104 /* FolderTrailServiceProvider.swift in Sources */,
				AA0000000000000000000105 /* PlaceholderPromptView.swift in Sources */,
				AA0000000000000000000110 /* OpenRouterPKCE.swift in Sources */,
				AA0000000000000000000111 /* OpenRouterProviderSettings.swift in Sources */,
				AA0000000000000000000112 /* OpenRouterKeychain.swift in Sources */,
				AA0000000000000000000113 /* ProviderConnectView.swift in Sources */,
				AA0000000000000000000114 /* OpenRouterSettingsView.swift in Sources */,
				AA0000000000000000000115 /* PreflightCheck.swift in Sources */,
				AA0000000000000000000116 /* PreflightView.swift in Sources */,
				AA0000000000000000000117 /* WorkspaceCopyService.swift in Sources */,
				AA0000000000000000000118 /* ConsentModalView.swift in Sources */,
				AA0000000000000000000119 /* ManifestBuilder.swift in Sources */,
				AA0000000000000000000120 /* ManifestConfirmationView.swift in Sources */,
				AA0000000000000000000121 /* OpenRouterPlannerAdapter.swift in Sources */,
				AA0000000000000000000122 /* PlannerModelSettingsView.swift in Sources */,
			);
			runOnlyForDeploymentPostprocessing = 0;
		};
/* End PBXSourcesBuildPhase section */

/* Begin XCBuildConfiguration section */
		AA0000000000000000000901 /* Debug */ = {
			isa = XCBuildConfiguration;
			buildSettings = {
				ALWAYS_SEARCH_USER_PATHS = NO;
				CLANG_ANALYZER_NONNULL = YES;
				CLANG_ANALYZER_NUMBER_OBJECT_CONVERSION = YES_AGGRESSIVE;
				CLANG_CXX_LANGUAGE_STANDARD = "gnu++20";
				CLANG_ENABLE_MODULES = YES;
				CLANG_ENABLE_OBJC_ARC = YES;
				CLANG_ENABLE_OBJC_WEAK = YES;
				CLANG_WARN_BLOCK_CAPTURE_AUTORELEASING = YES;
				CLANG_WARN_BOOL_CONVERSION = YES;
				CLANG_WARN_COMMA = YES;
				CLANG_WARN_CONSTANT_CONVERSION = YES;
				CLANG_WARN_DEPRECATED_OBJC_IMPLEMENTATIONS = YES;
				CLANG_WARN_DIRECT_OBJC_ISA_USAGE = YES_ERROR;
				CLANG_WARN_DOCUMENTATION_COMMENTS = YES;
				CLANG_WARN_EMPTY_BODY = YES;
				CLANG_WARN_ENUM_CONVERSION = YES;
				CLANG_WARN_INFINITE_RECURSION = YES;
				CLANG_WARN_INT_CONVERSION = YES;
				CLANG_WARN_NON_LITERAL_NULL_CONVERSION = YES;
				CLANG_WARN_OBJC_IMPLICIT_RETAIN_SELF = YES;
				CLANG_WARN_OBJC_LITERAL_CONVERSION = YES;
				CLANG_WARN_OBJC_ROOT_CLASS = YES_ERROR;
				CLANG_WARN_QUOTED_INCLUDE_IN_FRAMEWORK_HEADER = YES;
				CLANG_WARN_RANGE_LOOP_ANALYSIS = YES;
				CLANG_WARN_STRICT_PROTOTYPES = YES;
				CLANG_WARN_SUSPICIOUS_MOVE = YES;
				CLANG_WARN_UNGUARDED_AVAILABILITY = YES_AGGRESSIVE;
				CLANG_WARN_UNREACHABLE_CODE = YES;
				CLANG_WARN__DUPLICATE_METHOD_MATCH = YES;
				COPY_PHASE_STRIP = NO;
				DEBUG_INFORMATION_FORMAT = dwarf;
				ENABLE_STRICT_OBJC_MSGSEND = YES;
				ENABLE_TESTABILITY = YES;
				GCC_C_LANGUAGE_STANDARD = gnu17;
				GCC_DYNAMIC_NO_PIC = NO;
				GCC_NO_COMMON_BLOCKS = YES;
				GCC_OPTIMIZATION_LEVEL = 0;
				GCC_PREPROCESSOR_DEFINITIONS = (
					"DEBUG=1",
					"$(inherited)",
				);
				GCC_WARN_64_TO_32_BIT_CONVERSION = YES;
				GCC_WARN_ABOUT_RETURN_TYPE = YES_ERROR;
				GCC_WARN_UNDECLARED_SELECTOR = YES;
				GCC_WARN_UNINITIALIZED_AUTOS = YES_AGGRESSIVE;
				GCC_WARN_UNUSED_FUNCTION = YES;
				GCC_WARN_UNUSED_VARIABLE = YES;
				MACOSX_DEPLOYMENT_TARGET = 14.0;
				MTL_ENABLE_DEBUG_INFO = INCLUDE_SOURCE;
				MTL_FAST_MATH = YES;
				ONLY_ACTIVE_ARCH = YES;
				SDKROOT = macosx;
				SWIFT_ACTIVE_COMPILATION_CONDITIONS = DEBUG;
				SWIFT_OPTIMIZATION_LEVEL = "-Onone";
			};
			name = Debug;
		};
		AA0000000000000000000902 /* Release */ = {
			isa = XCBuildConfiguration;
			buildSettings = {
				ALWAYS_SEARCH_USER_PATHS = NO;
				CLANG_ANALYZER_NONNULL = YES;
				CLANG_ANALYZER_NUMBER_OBJECT_CONVERSION = YES_AGGRESSIVE;
				CLANG_CXX_LANGUAGE_STANDARD = "gnu++20";
				CLANG_ENABLE_MODULES = YES;
				CLANG_ENABLE_OBJC_ARC = YES;
				CLANG_ENABLE_OBJC_WEAK = YES;
				CLANG_WARN_BLOCK_CAPTURE_AUTORELEASING = YES;
				CLANG_WARN_BOOL_CONVERSION = YES;
				CLANG_WARN_COMMA = YES;
				CLANG_WARN_CONSTANT_CONVERSION = YES;
				CLANG_WARN_DEPRECATED_OBJC_IMPLEMENTATIONS = YES;
				CLANG_WARN_DIRECT_OBJC_ISA_USAGE = YES_ERROR;
				CLANG_WARN_DOCUMENTATION_COMMENTS = YES;
				CLANG_WARN_EMPTY_BODY = YES;
				CLANG_WARN_ENUM_CONVERSION = YES;
				CLANG_WARN_INFINITE_RECURSION = YES;
				CLANG_WARN_INT_CONVERSION = YES;
				CLANG_WARN_NON_LITERAL_NULL_CONVERSION = YES;
				CLANG_WARN_OBJC_IMPLICIT_RETAIN_SELF = YES;
				CLANG_WARN_OBJC_LITERAL_CONVERSION = YES;
				CLANG_WARN_OBJC_ROOT_CLASS = YES_ERROR;
				CLANG_WARN_QUOTED_INCLUDE_IN_FRAMEWORK_HEADER = YES;
				CLANG_WARN_RANGE_LOOP_ANALYSIS = YES;
				CLANG_WARN_STRICT_PROTOTYPES = YES;
				CLANG_WARN_SUSPICIOUS_MOVE = YES;
				CLANG_WARN_UNGUARDED_AVAILABILITY = YES_AGGRESSIVE;
				CLANG_WARN_UNREACHABLE_CODE = YES;
				CLANG_WARN__DUPLICATE_METHOD_MATCH = YES;
				COPY_PHASE_STRIP = NO;
				DEBUG_INFORMATION_FORMAT = "dwarf-with-dsym";
				ENABLE_NS_ASSERTIONS = NO;
				ENABLE_STRICT_OBJC_MSGSEND = YES;
				GCC_C_LANGUAGE_STANDARD = gnu17;
				GCC_NO_COMMON_BLOCKS = YES;
				GCC_WARN_64_TO_32_BIT_CONVERSION = YES;
				GCC_WARN_ABOUT_RETURN_TYPE = YES_ERROR;
				GCC_WARN_UNDECLARED_SELECTOR = YES;
				GCC_WARN_UNINITIALIZED_AUTOS = YES_AGGRESSIVE;
				GCC_WARN_UNUSED_FUNCTION = YES;
				GCC_WARN_UNUSED_VARIABLE = YES;
				MACOSX_DEPLOYMENT_TARGET = 14.0;
				MTL_ENABLE_DEBUG_INFO = NO;
				MTL_FAST_MATH = YES;
				SDKROOT = macosx;
				SWIFT_COMPILATION_MODE = wholemodule;
				SWIFT_OPTIMIZATION_LEVEL = "-O";
			};
			name = Release;
		};
		AA0000000000000000000903 /* Debug */ = {
			isa = XCBuildConfiguration;
			buildSettings = {
				CODE_SIGN_ENTITLEMENTS = FolderTrail/FolderTrail.entitlements;
				CODE_SIGN_STYLE = Automatic;
				CURRENT_PROJECT_VERSION = 1;
				DEVELOPMENT_LANGUAGE = en;
				ENABLE_HARDENED_RUNTIME = YES;
				GENERATE_INFOPLIST_FILE = NO;
				INFOPLIST_FILE = FolderTrail/Info.plist;
				LD_RUNPATH_SEARCH_PATHS = (
					"$(inherited)",
					"@executable_path/../Frameworks",
				);
				MARKETING_VERSION = 0.1.0;
				PRODUCT_BUNDLE_IDENTIFIER = com.relioptic.FolderTrail;
				PRODUCT_NAME = "$(TARGET_NAME)";
				SWIFT_EMIT_LOC_STRINGS = YES;
				SWIFT_VERSION = 6.0;
			};
			name = Debug;
		};
		AA0000000000000000000904 /* Release */ = {
			isa = XCBuildConfiguration;
			buildSettings = {
				CODE_SIGN_ENTITLEMENTS = FolderTrail/FolderTrail.entitlements;
				CODE_SIGN_STYLE = Automatic;
				CURRENT_PROJECT_VERSION = 1;
				DEVELOPMENT_LANGUAGE = en;
				ENABLE_HARDENED_RUNTIME = YES;
				GENERATE_INFOPLIST_FILE = NO;
				INFOPLIST_FILE = FolderTrail/Info.plist;
				LD_RUNPATH_SEARCH_PATHS = (
					"$(inherited)",
					"@executable_path/../Frameworks",
				);
				MARKETING_VERSION = 0.1.0;
				PRODUCT_BUNDLE_IDENTIFIER = com.relioptic.FolderTrail;
				PRODUCT_NAME = "$(TARGET_NAME)";
				SWIFT_EMIT_LOC_STRINGS = YES;
				SWIFT_VERSION = 6.0;
			};
			name = Release;
		};
/* End XCBuildConfiguration section */

/* Begin XCConfigurationList section */
		AA0000000000000000000801 /* Build configuration list for PBXProject "FolderTrail" */ = {
			isa = XCConfigurationList;
			buildConfigurations = (
				AA0000000000000000000901 /* Debug */,
				AA0000000000000000000902 /* Release */,
			);
			defaultConfigurationIsVisible = 0;
			defaultConfigurationName = Release;
		};
		AA0000000000000000000802 /* Build configuration list for PBXNativeTarget "FolderTrail" */ = {
			isa = XCConfigurationList;
			buildConfigurations = (
				AA0000000000000000000903 /* Debug */,
				AA0000000000000000000904 /* Release */,
			);
			defaultConfigurationIsVisible = 0;
			defaultConfigurationName = Release;
		};
/* End XCConfigurationList section */
	};
	rootObject = AA0000000000000000000701 /* Project object */;
}
